
Microsoft Visual Studio Solution File, Format Version 12.00
# Visual Studio 15
VisualStudioVersion = 15.0.28307.572
MinimumVisualStudioVersion = 10.0.40219.1
Project("{FAE04EC0-301F-11D3-BF4B-00C04F79EFBC}") = "async_await", "async_await\async_await.csproj", "{4044B60B-D6BE-48EA-BBC4-4DE2B55AC41A}"
EndProject
Global
	GlobalSection(SolutionConfigurationPlatforms) = preSolution
		Debug|Any CPU = Debug|Any CPU
		Release|Any CPU = Release|Any CPU
	EndGlobalSection
	GlobalSection(ProjectConfigurationPlatforms) = postSolution
		{4044B60B-D6BE-48EA-BBC4-4DE2B55AC41A}.Debug|Any CPU.ActiveCfg = Debug|Any CPU
		{4044B60B-D6BE-48EA-BBC4-4DE2B55AC41A}.Debug|Any CPU.Build.0 = Debug|Any CPU
		{4044B60B-D6BE-48EA-BBC4-4DE2B55AC41A}.Release|Any CPU.ActiveCfg = Release|Any CPU
		{4044B60B-D6BE-48EA-BBC4-4DE2B55AC41A}.Release|Any CPU.Build.0 = Release|Any CPU
	EndGlobalSection
	GlobalSection(SolutionProperties) = preSolution
		HideSolutionNode = FALSE
	EndGlobalSection
	GlobalSection(ExtensibilityGlobals) = postSolution
		SolutionGuid = {04622A1C-B93C-4E09-B5C5-8F4BAA334453}
	EndGlobalSection
EndGlobal
